
Microsoft Visual Studio Solution File, Format Version 12.00
# Visual Studio Version 17
VisualStudioVersion = 17.5.33424.131
MinimumVisualStudioVersion = 10.0.40219.1
Project("{8BC9CEB8-8B4A-11D0-8D11-00A0C91BC942}") = "Sandbox", "Sandbox\Sandbox.vcxproj", "{832456B8-4B17-42BC-AF1B-93C029C19FA6}"
EndProject
Project("{8BC9CEB8-8B4A-11D0-8D11-00A0C91BC942}") = "Foxin", "Foxin\Foxin.vcxproj", "{2CACD643-A5B2-47B6-B769-B7036EFE707C}"
EndProject
Global
	GlobalSection(SolutionConfigurationPlatforms) = preSolution
		Debug|x64 = Debug|x64
		Release|x64 = Release|x64
	EndGlobalSection
	GlobalSection(ProjectConfigurationPlatforms) = postSolution
		{2CACD643-A5B2-47B6-B769-B7036EFE707C}.Debug|x64.ActiveCfg = Debug|x64
		{2CACD643-A5B2-47B6-B769-B7036EFE707C}.Debug|x64.Build.0 = Debug|x64
		{2CACD643-A5B2-47B6-B769-B7036EFE707C}.Release|x64.ActiveCfg = Release|x64
		{2CACD643-A5B2-47B6-B769-B7036EFE707C}.Release|x64.Build.0 = Release|x64
		{832456B8-4B17-42BC-AF1B-93C029C19FA6}.Debug|x64.ActiveCfg = Debug|x64
		{832456B8-4B17-42BC-AF1B-93C029C19FA6}.Debug|x64.Build.0 = Debug|x64
		{832456B8-4B17-42BC-AF1B-93C029C19FA6}.Release|x64.ActiveCfg = Release|x64
		{832456B8-4B17-42BC-AF1B-93C029C19FA6}.Release|x64.Build.0 = Release|x64
	EndGlobalSection
	GlobalSection(SolutionProperties) = preSolution
		HideSolutionNode = FALSE
	EndGlobalSection
	GlobalSection(ExtensibilityGlobals) = postSolution
		SolutionGuid = {14B90938-7DFE-4BD4-93BB-396757DC6CE9}
	EndGlobalSection
EndGlobal
