<?xml version="1.0" encoding="utf-8"?>
<Project ToolsVersion="4.0" xmlns="http://schemas.microsoft.com/developer/msbuild/2003">
  <ItemGroup>
    <Filter Include="Foxin">
      <UniqueIdentifier>{E99D300D-55B2-58BE-1E34-FC1D8A0755EF}</UniqueIdentifier>
    </Filter>
    <Filter Include="Foxin\Events">
      <UniqueIdentifier>{AD691E8A-99CC-AD2E-4252-E6E42E9479B1}</UniqueIdentifier>
    </Filter>
  </ItemGroup>
  <ItemGroup>
    <ClInclude Include="src\Foxin.h" />
    <ClInclude Include="src\Foxin\Application.h">
      <Filter>Foxin</Filter>
    </ClInclude>
    <ClInclude Include="src\Foxin\Core.h">
      <Filter>Foxin</Filter>
    </ClInclude>
    <ClInclude Include="src\Foxin\EntryPoint.h">
      <Filter>Foxin</Filter>
    </ClInclude>
    <ClInclude Include="src\Foxin\Events\ApplicationEvent.h">
      <Filter>Foxin\Events</Filter>
    </ClInclude>
    <ClInclude Include="src\Foxin\Events\Event.h">
      <Filter>Foxin\Events</Filter>
    </ClInclude>
    <ClInclude Include="src\Foxin\Events\KeyEvent.h">
      <Filter>Foxin\Events</Filter>
    </ClInclude>
    <ClInclude Include="src\Foxin\Events\MouseEvent.h">
      <Filter>Foxin\Events</Filter>
    </ClInclude>
    <ClInclude Include="src\Foxin\Logger.h">
      <Filter>Foxin</Filter>
    </ClInclude>
    <ClInclude Include="src\fxpre.h" />
    <ClInclude Include="src\Foxin\Window.h" />
    <ClInclude Include="src\Platform\Windows\WindowsWindow.h" />
  </ItemGroup>
  <ItemGroup>
    <ClCompile Include="src\Foxin\Application.cpp">
      <Filter>Foxin</Filter>
    </ClCompile>
    <ClCompile Include="src\Foxin\Logger.cpp">
      <Filter>Foxin</Filter>
    </ClCompile>
    <ClCompile Include="src\fxpre.cpp" />
    <ClCompile Include="src\Platform\Windows\WindowsWindow.cpp" />
  </ItemGroup>
</Project>